
Microsoft Visual Studio Solution File, Format Version 12.00
Project("{FAE04EC0-301F-11D3-BF4B-00C04F79EFBC}") = "SeleniumSelfHealingTests", "SeleniumSelfHealingTests\SeleniumSelfHealingTests.csproj", "{3A44BBC9-FF1E-4C1F-8DD4-F98D933EFCAB}"
EndProject
Global
	GlobalSection(SolutionConfigurationPlatforms) = preSolution
		Debug|Any CPU = Debug|Any CPU
		Release|Any CPU = Release|Any CPU
	EndGlobalSection
	GlobalSection(ProjectConfigurationPlatforms) = postSolution
		{3A44BBC9-FF1E-4C1F-8DD4-F98D933EFCAB}.Debug|Any CPU.ActiveCfg = Debug|Any CPU
		{3A44BBC9-FF1E-4C1F-8DD4-F98D933EFCAB}.Debug|Any CPU.Build.0 = Debug|Any CPU
		{3A44BBC9-FF1E-4C1F-8DD4-F98D933EFCAB}.Release|Any CPU.ActiveCfg = Release|Any CPU
		{3A44BBC9-FF1E-4C1F-8DD4-F98D933EFCAB}.Release|Any CPU.Build.0 = Release|Any CPU
	EndGlobalSection
EndGlobal
